
Microsoft Visual Studio Solution File, Format Version 12.00
# Visual Studio Version 16
VisualStudioVersion = 16.0.29613.14
MinimumVisualStudioVersion = 10.0.40219.1
Project("{FAE04EC0-301F-11D3-BF4B-00C04F79EFBC}") = "CodeFirst_Project", "CodeFirst_Project.csproj", "{9FFDD413-8710-4F80-BF33-73362F6B8196}"
EndProject
Global
	GlobalSection(SolutionConfigurationPlatforms) = preSolution
		Debug|Any CPU = Debug|Any CPU
		Release|Any CPU = Release|Any CPU
	EndGlobalSection
	GlobalSection(ProjectConfigurationPlatforms) = postSolution
		{9FFDD413-8710-4F80-BF33-73362F6B8196}.Debug|Any CPU.ActiveCfg = Debug|Any CPU
		{9FFDD413-8710-4F80-BF33-73362F6B8196}.Debug|Any CPU.Build.0 = Debug|Any CPU
		{9FFDD413-8710-4F80-BF33-73362F6B8196}.Release|Any CPU.ActiveCfg = Release|Any CPU
		{9FFDD413-8710-4F80-BF33-73362F6B8196}.Release|Any CPU.Build.0 = Release|Any CPU
	EndGlobalSection
	GlobalSection(SolutionProperties) = preSolution
		HideSolutionNode = FALSE
	EndGlobalSection
	GlobalSection(ExtensibilityGlobals) = postSolution
		SolutionGuid = {2816AD60-E12F-433C-AE00-F9E6AE4FA2F0}
	EndGlobalSection
EndGlobal
