
Microsoft Visual Studio Solution File, Format Version 12.00
# Visual Studio Version 16
VisualStudioVersion = 16.0.29613.14
MinimumVisualStudioVersion = 10.0.40219.1
Project("{FAE04EC0-301F-11D3-BF4B-00C04F79EFBC}") = "2020.02.01", "2020.02.01.csproj", "{2283183C-CA48-4632-AF6C-5D291ADFE2BC}"
EndProject
Global
	GlobalSection(SolutionConfigurationPlatforms) = preSolution
		Debug|Any CPU = Debug|Any CPU
		Release|Any CPU = Release|Any CPU
	EndGlobalSection
	GlobalSection(ProjectConfigurationPlatforms) = postSolution
		{2283183C-CA48-4632-AF6C-5D291ADFE2BC}.Debug|Any CPU.ActiveCfg = Debug|Any CPU
		{2283183C-CA48-4632-AF6C-5D291ADFE2BC}.Debug|Any CPU.Build.0 = Debug|Any CPU
		{2283183C-CA48-4632-AF6C-5D291ADFE2BC}.Release|Any CPU.ActiveCfg = Release|Any CPU
		{2283183C-CA48-4632-AF6C-5D291ADFE2BC}.Release|Any CPU.Build.0 = Release|Any CPU
	EndGlobalSection
	GlobalSection(SolutionProperties) = preSolution
		HideSolutionNode = FALSE
	EndGlobalSection
	GlobalSection(ExtensibilityGlobals) = postSolution
		SolutionGuid = {6805AA4A-1DD4-4CC8-8391-4547760C682E}
	EndGlobalSection
EndGlobal
