
Microsoft Visual Studio Solution File, Format Version 12.00
# Visual Studio Version 16
VisualStudioVersion = 16.0.29613.14
MinimumVisualStudioVersion = 10.0.40219.1
Project("{FAE04EC0-301F-11D3-BF4B-00C04F79EFBC}") = "Practise_25.01", "Practise_25.01.csproj", "{BE2195ED-D46B-47DC-86B0-CADC097A6211}"
EndProject
Project("{FAE04EC0-301F-11D3-BF4B-00C04F79EFBC}") = "Practise25.01a", "..\Practise25.01a\Practise25.01a.csproj", "{1E132C1E-D72E-455F-BB06-8106CAF1EABA}"
EndProject
Global
	GlobalSection(SolutionConfigurationPlatforms) = preSolution
		Debug|Any CPU = Debug|Any CPU
		Release|Any CPU = Release|Any CPU
	EndGlobalSection
	GlobalSection(ProjectConfigurationPlatforms) = postSolution
		{BE2195ED-D46B-47DC-86B0-CADC097A6211}.Debug|Any CPU.ActiveCfg = Debug|Any CPU
		{BE2195ED-D46B-47DC-86B0-CADC097A6211}.Debug|Any CPU.Build.0 = Debug|Any CPU
		{BE2195ED-D46B-47DC-86B0-CADC097A6211}.Release|Any CPU.ActiveCfg = Release|Any CPU
		{BE2195ED-D46B-47DC-86B0-CADC097A6211}.Release|Any CPU.Build.0 = Release|Any CPU
		{1E132C1E-D72E-455F-BB06-8106CAF1EABA}.Debug|Any CPU.ActiveCfg = Debug|Any CPU
		{1E132C1E-D72E-455F-BB06-8106CAF1EABA}.Debug|Any CPU.Build.0 = Debug|Any CPU
		{1E132C1E-D72E-455F-BB06-8106CAF1EABA}.Release|Any CPU.ActiveCfg = Release|Any CPU
		{1E132C1E-D72E-455F-BB06-8106CAF1EABA}.Release|Any CPU.Build.0 = Release|Any CPU
	EndGlobalSection
	GlobalSection(SolutionProperties) = preSolution
		HideSolutionNode = FALSE
	EndGlobalSection
	GlobalSection(ExtensibilityGlobals) = postSolution
		SolutionGuid = {36C52A52-A49C-4BD9-8541-3EE68FB54492}
	EndGlobalSection
EndGlobal
