
Microsoft Visual Studio Solution File, Format Version 12.00
# Visual Studio 15
VisualStudioVersion = 15.0.28307.489
MinimumVisualStudioVersion = 10.0.40219.1
Project("{FAE04EC0-301F-11D3-BF4B-00C04F79EFBC}") = "BookStore", "BookStore\BookStore.csproj", "{B50C6590-AB50-458F-9FD7-CC3990818BE1}"
EndProject
Global
	GlobalSection(SolutionConfigurationPlatforms) = preSolution
		Debug|Any CPU = Debug|Any CPU
		Release|Any CPU = Release|Any CPU
	EndGlobalSection
	GlobalSection(ProjectConfigurationPlatforms) = postSolution
		{B50C6590-AB50-458F-9FD7-CC3990818BE1}.Debug|Any CPU.ActiveCfg = Debug|Any CPU
		{B50C6590-AB50-458F-9FD7-CC3990818BE1}.Debug|Any CPU.Build.0 = Debug|Any CPU
		{B50C6590-AB50-458F-9FD7-CC3990818BE1}.Release|Any CPU.ActiveCfg = Release|Any CPU
		{B50C6590-AB50-458F-9FD7-CC3990818BE1}.Release|Any CPU.Build.0 = Release|Any CPU
	EndGlobalSection
	GlobalSection(SolutionProperties) = preSolution
		HideSolutionNode = FALSE
	EndGlobalSection
	GlobalSection(ExtensibilityGlobals) = postSolution
		SolutionGuid = {3EF34AC0-7933-4FCC-8312-B89E82D35140}
	EndGlobalSection
EndGlobal
