
Microsoft Visual Studio Solution File, Format Version 12.00
# Visual Studio Version 16
VisualStudioVersion = 16.0.29613.14
MinimumVisualStudioVersion = 10.0.40219.1
Project("{FAE04EC0-301F-11D3-BF4B-00C04F79EFBC}") = "MVVM_Test", "MVVM_Test.csproj", "{4F964D75-DE00-48F6-AC83-7232BD7D4593}"
EndProject
Global
	GlobalSection(SolutionConfigurationPlatforms) = preSolution
		Debug|Any CPU = Debug|Any CPU
		Release|Any CPU = Release|Any CPU
	EndGlobalSection
	GlobalSection(ProjectConfigurationPlatforms) = postSolution
		{4F964D75-DE00-48F6-AC83-7232BD7D4593}.Debug|Any CPU.ActiveCfg = Debug|Any CPU
		{4F964D75-DE00-48F6-AC83-7232BD7D4593}.Debug|Any CPU.Build.0 = Debug|Any CPU
		{4F964D75-DE00-48F6-AC83-7232BD7D4593}.Release|Any CPU.ActiveCfg = Release|Any CPU
		{4F964D75-DE00-48F6-AC83-7232BD7D4593}.Release|Any CPU.Build.0 = Release|Any CPU
	EndGlobalSection
	GlobalSection(SolutionProperties) = preSolution
		HideSolutionNode = FALSE
	EndGlobalSection
	GlobalSection(ExtensibilityGlobals) = postSolution
		SolutionGuid = {98F78137-1E2D-4C46-AA95-940F619041A3}
	EndGlobalSection
EndGlobal
