
Microsoft Visual Studio Solution File, Format Version 12.00
# Visual Studio Version 16
VisualStudioVersion = 16.0.29613.14
MinimumVisualStudioVersion = 10.0.40219.1
Project("{FAE04EC0-301F-11D3-BF4B-00C04F79EFBC}") = "01.04_practise", "01.04_practise.csproj", "{02DB8E4F-2A36-4F49-B1E2-DD6FA823AD7F}"
EndProject
Global
	GlobalSection(SolutionConfigurationPlatforms) = preSolution
		Debug|Any CPU = Debug|Any CPU
		Release|Any CPU = Release|Any CPU
	EndGlobalSection
	GlobalSection(ProjectConfigurationPlatforms) = postSolution
		{02DB8E4F-2A36-4F49-B1E2-DD6FA823AD7F}.Debug|Any CPU.ActiveCfg = Debug|Any CPU
		{02DB8E4F-2A36-4F49-B1E2-DD6FA823AD7F}.Debug|Any CPU.Build.0 = Debug|Any CPU
		{02DB8E4F-2A36-4F49-B1E2-DD6FA823AD7F}.Release|Any CPU.ActiveCfg = Release|Any CPU
		{02DB8E4F-2A36-4F49-B1E2-DD6FA823AD7F}.Release|Any CPU.Build.0 = Release|Any CPU
	EndGlobalSection
	GlobalSection(SolutionProperties) = preSolution
		HideSolutionNode = FALSE
	EndGlobalSection
	GlobalSection(ExtensibilityGlobals) = postSolution
		SolutionGuid = {4FF51717-B1A7-4CFA-BA84-99F44D362022}
	EndGlobalSection
EndGlobal
